// !$*UTF8*$!
{
	archiveVersion = 1;
	classes = {
	};
	objectVersion = 56;
	objects = {

/* Begin PBXBuildFile section */
		B57A7F762AB1921100A0E162 /* AppDelegate.swift in Sources */ = {isa = PBXBuildFile; fileRef = B57A7F752AB1921100A0E162 /* AppDelegate.swift */; };
		B57A7F782AB1921100A0E162 /* SceneDelegate.swift in Sources */ = {isa = PBXBuildFile; fileRef = B57A7F772AB1921100A0E162 /* SceneDelegate.swift */; };
		B57A7F7A2AB1921100A0E162 /* ViewController.swift in Sources */ = {isa = PBXBuildFile; fileRef = B57A7F792AB1921100A0E162 /* ViewController.swift */; };
		B57A7F7D2AB1921100A0E162 /* Main.storyboard in Resources */ = {isa = PBXBuildFile; fileRef = B57A7F7B2AB1921100A0E162 /* Main.storyboard */; };
		B57A7F7F2AB1921300A0E162 /* Assets.xcassets in Resources */ = {isa = PBXBuildFile; fileRef = B57A7F7E2AB1921300A0E162 /* Assets.xcassets */; };
		B57A7F822AB1921300A0E162 /* LaunchScreen.storyboard in Resources */ = {isa = PBXBuildFile; fileRef = B57A7F802AB1921300A0E162 /* LaunchScreen.storyboard */; };
		B57A7F8D2AB1921300A0E162 /* Alarm_Sayac_KronometreTests.swift in Sources */ = {isa = PBXBuildFile; fileRef = B57A7F8C2AB1921300A0E162 /* Alarm_Sayac_KronometreTests.swift */; };
		B57A7F972AB1921300A0E162 /* Alarm_Sayac_KronometreUITests.swift in Sources */ = {isa = PBXBuildFile; fileRef = B57A7F962AB1921300A0E162 /* Alarm_Sayac_KronometreUITests.swift */; };
		B57A7F992AB1921300A0E162 /* Alarm_Sayac_KronometreUITestsLaunchTests.swift in Sources */ = {isa = PBXBuildFile; fileRef = B57A7F982AB1921300A0E162 /* Alarm_Sayac_KronometreUITestsLaunchTests.swift */; };
/* End PBXBuildFile section */

/* Begin PBXContainerItemProxy section */
		B57A7F892AB1921300A0E162 /* PBXContainerItemProxy */ = {
			isa = PBXContainerItemProxy;
			containerPortal = B57A7F6A2AB1921100A0E162 /* Project object */;
			proxyType = 1;
			remoteGlobalIDString = B57A7F712AB1921100A0E162;
			remoteInfo = Alarm_Sayac_Kronometre;
		};
		B57A7F932AB1921300A0E162 /* PBXContainerItemProxy */ = {
			isa = PBXContainerItemProxy;
			containerPortal = B57A7F6A2AB1921100A0E162 /* Project object */;
			proxyType = 1;
			remoteGlobalIDString = B57A7F712AB1921100A0E162;
			remoteInfo = Alarm_Sayac_Kronometre;
		};
/* End PBXContainerItemProxy section */

/* Begin PBXFileReference section */
		B57A7F722AB1921100A0E162 /* Alarm_Sayac_Kronometre.app */ = {isa = PBXFileReference; explicitFileType = wrapper.application; includeInIndex = 0; path = Alarm_Sayac_Kronometre.app; sourceTree = BUILT_PRODUCTS_DIR; };
		B57A7F752AB1921100A0E162 /* AppDelegate.swift */ = {isa = PBXFileReference; lastKnownFileType = sourcecode.swift; path = AppDelegate.swift; sourceTree = "<group>"; };
		B57A7F772AB1921100A0E162 /* SceneDelegate.swift */ = {isa = PBXFileReference; lastKnownFileType = sourcecode.swift; path = SceneDelegate.swift; sourceTree = "<group>"; };
		B57A7F792AB1921100A0E162 /* ViewController.swift */ = {isa = PBXFileReference; lastKnownFileType = sourcecode.swift; path = ViewController.swift; sourceTree = "<group>"; };
		B57A7F7C2AB1921100A0E162 /* Base */ = {isa = PBXFileReference; lastKnownFileType = file.storyboard; name = Base; path = Base.lproj/Main.storyboard; sourceTree = "<group>"; };
		B57A7F7E2AB1921300A0E162 /* Assets.xcassets */ = {isa = PBXFileReference; lastKnownFileType = folder.assetcatalog; path = Assets.xcassets; sourceTree = "<group>"; };
		B57A7F812AB1921300A0E162 /* Base */ = {isa = PBXFileReference; lastKnownFileType = file.storyboard; name = Base; path = Base.lproj/LaunchScreen.storyboard; sourceTree = "<group>"; };
		B57A7F832AB1921300A0E162 /* Info.plist */ = {isa = PBXFileReference; lastKnownFileType = text.plist.xml; path = Info.plist; sourceTree = "<group>"; };
		B57A7F882AB1921300A0E162 /* Alarm_Sayac_KronometreTests.xctest */ = {isa = PBXFileReference; explicitFileType = wrapper.cfbundle; includeInIndex = 0; path = Alarm_Sayac_KronometreTests.xctest; sourceTree = BUILT_PRODUCTS_DIR; };
		B57A7F8C2AB1921300A0E162 /* Alarm_Sayac_KronometreTests.swift */ = {isa = PBXFileReference; lastKnownFileType = sourcecode.swift; path = Alarm_Sayac_KronometreTests.swift; sourceTree = "<group>"; };
		B57A7F922AB1921300A0E162 /* Alarm_Sayac_KronometreUITests.xctest */ = {isa = PBXFileReference; explicitFileType = wrapper.cfbundle; includeInIndex = 0; path = Alarm_Sayac_KronometreUITests.xctest; sourceTree = BUILT_PRODUCTS_DIR; };
		B57A7F962AB1921300A0E162 /* Alarm_Sayac_KronometreUITests.swift */ = {isa = PBXFileReference; lastKnownFileType = sourcecode.swift; path = Alarm_Sayac_KronometreUITests.swift; sourceTree = "<group>"; };
		B57A7F982AB1921300A0E162 /* Alarm_Sayac_KronometreUITestsLaunchTests.swift */ = {isa = PBXFileReference; lastKnownFileType = sourcecode.swift; path = Alarm_Sayac_KronometreUITestsLaunchTests.swift; sourceTree = "<group>"; };
/* End PBXFileReference section */

/* Begin PBXFrameworksBuildPhase section */
		B57A7F6F2AB1921100A0E162 /* Frameworks */ = {
			isa = PBXFrameworksBuildPhase;
			buildActionMask = 2147483647;
			files = (
			);
			runOnlyForDeploymentPostprocessing = 0;
		};
		B57A7F852AB1921300A0E162 /* Frameworks */ = {
			isa = PBXFrameworksBuildPhase;
			buildActionMask = 2147483647;
			files = (
			);
			runOnlyForDeploymentPostprocessing = 0;
		};
		B57A7F8F2AB1921300A0E162 /* Frameworks */ = {
			isa = PBXFrameworksBuildPhase;
			buildActionMask = 2147483647;
			files = (
			);
			runOnlyForDeploymentPostprocessing = 0;
		};
/* End PBXFrameworksBuildPhase section */

/* Begin PBXGroup section */
		B57A7F692AB1921100A0E162 = {
			isa = PBXGroup;
			children = (
				B57A7F742AB1921100A0E162 /* Alarm_Sayac_Kronometre */,
				B57A7F8B2AB1921300A0E162 /* Alarm_Sayac_KronometreTests */,
				B57A7F952AB1921300A0E162 /* Alarm_Sayac_KronometreUITests */,
				B57A7F732AB1921100A0E162 /* Products */,
			);
			sourceTree = "<group>";
		};
		B57A7F732AB1921100A0E162 /* Products */ = {
			isa = PBXGroup;
			children = (
				B57A7F722AB1921100A0E162 /* Alarm_Sayac_Kronometre.app */,
				B57A7F882AB1921300A0E162 /* Alarm_Sayac_KronometreTests.xctest */,
				B57A7F922AB1921300A0E162 /* Alarm_Sayac_KronometreUITests.xctest */,
			);
			name = Products;
			sourceTree = "<group>";
		};
		B57A7F742AB1921100A0E162 /* Alarm_Sayac_Kronometre */ = {
			isa = PBXGroup;
			children = (
				B57A7F752AB1921100A0E162 /* AppDelegate.swift */,
				B57A7F772AB1921100A0E162 /* SceneDelegate.swift */,
				B57A7F792AB1921100A0E162 /* ViewController.swift */,
				B57A7F7B2AB1921100A0E162 /* Main.storyboard */,
				B57A7F7E2AB1921300A0E162 /* Assets.xcassets */,
				B57A7F802AB1921300A0E162 /* LaunchScreen.storyboard */,
				B57A7F832AB1921300A0E162 /* Info.plist */,
			);
			path = Alarm_Sayac_Kronometre;
			sourceTree = "<group>";
		};
		B57A7F8B2AB1921300A0E162 /* Alarm_Sayac_KronometreTests */ = {
			isa = PBXGroup;
			children = (
				B57A7F8C2AB1921300A0E162 /* Alarm_Sayac_KronometreTests.swift */,
			);
			path = Alarm_Sayac_KronometreTests;
			sourceTree = "<group>";
		};
		B57A7F952AB1921300A0E162 /* Alarm_Sayac_KronometreUITests */ = {
			isa = PBXGroup;
			children = (
				B57A7F962AB1921300A0E162 /* Alarm_Sayac_KronometreUITests.swift */,
				B57A7F982AB1921300A0E162 /* Alarm_Sayac_KronometreUITestsLaunchTests.swift */,
			);
			path = Alarm_Sayac_KronometreUITests;
			sourceTree = "<group>";
		};
/* End PBXGroup section */

/* Begin PBXNativeTarget section */
		B57A7F712AB1921100A0E162 /* Alarm_Sayac_Kronometre */ = {
			isa = PBXNativeTarget;
			buildConfigurationList = B57A7F9C2AB1921300A0E162 /* Build configuration list for PBXNativeTarget "Alarm_Sayac_Kronometre" */;
			buildPhases = (
				B57A7F6E2AB1921100A0E162 /* Sources */,
				B57A7F6F2AB1921100A0E162 /* Frameworks */,
				B57A7F702AB1921100A0E162 /* Resources */,
			);
			buildRules = (
			);
			dependencies = (
			);
			name = Alarm_Sayac_Kronometre;
			productName = Alarm_Sayac_Kronometre;
			productReference = B57A7F722AB1921100A0E162 /* Alarm_Sayac_Kronometre.app */;
			productType = "com.apple.product-type.application";
		};
		B57A7F872AB1921300A0E162 /* Alarm_Sayac_KronometreTests */ = {
			isa = PBXNativeTarget;
			buildConfigurationList = B57A7F9F2AB1921300A0E162 /* Build configuration list for PBXNativeTarget "Alarm_Sayac_KronometreTests" */;
			buildPhases = (
				B57A7F842AB1921300A0E162 /* Sources */,
				B57A7F852AB1921300A0E162 /* Frameworks */,
				B57A7F862AB1921300A0E162 /* Resources */,
			);
			buildRules = (
			);
			dependencies = (
				B57A7F8A2AB1921300A0E162 /* PBXTargetDependency */,
			);
			name = Alarm_Sayac_KronometreTests;
			productName = Alarm_Sayac_KronometreTests;
			productReference = B57A7F882AB1921300A0E162 /* Alarm_Sayac_KronometreTests.xctest */;
			productType = "com.apple.product-type.bundle.unit-test";
		};
		B57A7F912AB1921300A0E162 /* Alarm_Sayac_KronometreUITests */ = {
			isa = PBXNativeTarget;
			buildConfigurationList = B57A7FA22AB1921300A0E162 /* Build configuration list for PBXNativeTarget "Alarm_Sayac_KronometreUITests" */;
			buildPhases = (
				B57A7F8E2AB1921300A0E162 /* Sources */,
				B57A7F8F2AB1921300A0E162 /* Frameworks */,
				B57A7F902AB1921300A0E162 /* Resources */,
			);
			buildRules = (
			);
			dependencies = (
				B57A7F942AB1921300A0E162 /* PBXTargetDependency */,
			);
			name = Alarm_Sayac_KronometreUITests;
			productName = Alarm_Sayac_KronometreUITests;
			productReference = B57A7F922AB1921300A0E162 /* Alarm_Sayac_KronometreUITests.xctest */;
			productType = "com.apple.product-type.bundle.ui-testing";
		};
/* End PBXNativeTarget section */

/* Begin PBXProject section */
		B57A7F6A2AB1921100A0E162 /* Project object */ = {
			isa = PBXProject;
			attributes = {
				BuildIndependentTargetsInParallel = 1;
				LastSwiftUpdateCheck = 1430;
				LastUpgradeCheck = 1430;
				TargetAttributes = {
					B57A7F712AB1921100A0E162 = {
						CreatedOnToolsVersion = 14.3.1;
					};
					B57A7F872AB1921300A0E162 = {
						CreatedOnToolsVersion = 14.3.1;
						TestTargetID = B57A7F712AB1921100A0E162;
					};
					B57A7F912AB1921300A0E162 = {
						CreatedOnToolsVersion = 14.3.1;
						TestTargetID = B57A7F712AB1921100A0E162;
					};
				};
			};
			buildConfigurationList = B57A7F6D2AB1921100A0E162 /* Build configuration list for PBXProject "Alarm_Sayac_Kronometre" */;
			compatibilityVersion = "Xcode 14.0";
			developmentRegion = en;
			hasScannedForEncodings = 0;
			knownRegions = (
				en,
				Base,
			);
			mainGroup = B57A7F692AB1921100A0E162;
			productRefGroup = B57A7F732AB1921100A0E162 /* Products */;
			projectDirPath = "";
			projectRoot = "";
			targets = (
				B57A7F712AB1921100A0E162 /* Alarm_Sayac_Kronometre */,
				B57A7F872AB1921300A0E162 /* Alarm_Sayac_KronometreTests */,
				B57A7F912AB1921300A0E162 /* Alarm_Sayac_KronometreUITests */,
			);
		};
/* End PBXProject section */

/* Begin PBXResourcesBuildPhase section */
		B57A7F702AB1921100A0E162 /* Resources */ = {
			isa = PBXResourcesBuildPhase;
			buildActionMask = 2147483647;
			files = (
				B57A7F822AB1921300A0E162 /* LaunchScreen.storyboard in Resources */,
				B57A7F7F2AB1921300A0E162 /* Assets.xcassets in Resources */,
				B57A7F7D2AB1921100A0E162 /* Main.storyboard in Resources */,
			);
			runOnlyForDeploymentPostprocessing = 0;
		};
		B57A7F862AB1921300A0E162 /* Resources */ = {
			isa = PBXResourcesBuildPhase;
			buildActionMask = 2147483647;
			files = (
			);
			runOnlyForDeploymentPostprocessing = 0;
		};
		B57A7F902AB1921300A0E162 /* Resources */ = {
			isa = PBXResourcesBuildPhase;
			buildActionMask = 2147483647;
			files = (
			);
			runOnlyForDeploymentPostprocessing = 0;
		};
/* End PBXResourcesBuildPhase section */

/* Begin PBXSourcesBuildPhase section */
		B57A7F6E2AB1921100A0E162 /* Sources */ = {
			isa = PBXSourcesBuildPhase;
			buildActionMask = 2147483647;
			files = (
				B57A7F7A2AB1921100A0E162 /* ViewController.swift in Sources */,
				B57A7F762AB1921100A0E162 /* AppDelegate.swift in Sources */,
				B57A7F782AB1921100A0E162 /* SceneDelegate.swift in Sources */,
			);
			runOnlyForDeploymentPostprocessing = 0;
		};
		B57A7F842AB1921300A0E162 /* Sources */ = {
			isa = PBXSourcesBuildPhase;
			buildActionMask = 2147483647;
			files = (
				B57A7F8D2AB1921300A0E162 /* Alarm_Sayac_KronometreTests.swift in Sources */,
			);
			runOnlyForDeploymentPostprocessing = 0;
		};
		B57A7F8E2AB1921300A0E162 /* Sources */ = {
			isa = PBXSourcesBuildPhase;
			buildActionMask = 2147483647;
			files = (
				B57A7F992AB1921300A0E162 /* Alarm_Sayac_KronometreUITestsLaunchTests.swift in Sources */,
				B57A7F972AB1921300A0E162 /* Alarm_Sayac_KronometreUITests.swift in Sources */,
			);
			runOnlyForDeploymentPostprocessing = 0;
		};
/* End PBXSourcesBuildPhase section */

/* Begin PBXTargetDependency section */
		B57A7F8A2AB1921300A0E162 /* PBXTargetDependency */ = {
			isa = PBXTargetDependency;
			target = B57A7F712AB1921100A0E162 /* Alarm_Sayac_Kronometre */;
			targetProxy = B57A7F892AB1921300A0E162 /* PBXContainerItemProxy */;
		};
		B57A7F942AB1921300A0E162 /* PBXTargetDependency */ = {
			isa = PBXTargetDependency;
			target = B57A7F712AB1921100A0E162 /* Alarm_Sayac_Kronometre */;
			targetProxy = B57A7F932AB1921300A0E162 /* PBXContainerItemProxy */;
		};
/* End PBXTargetDependency section */

/* Begin PBXVariantGroup section */
		B57A7F7B2AB1921100A0E162 /* Main.storyboard */ = {
			isa = PBXVariantGroup;
			children = (
				B57A7F7C2AB1921100A0E162 /* Base */,
			);
			name = Main.storyboard;
			sourceTree = "<group>";
		};
		B57A7F802AB1921300A0E162 /* LaunchScreen.storyboard */ = {
			isa = PBXVariantGroup;
			children = (
				B57A7F812AB1921300A0E162 /* Base */,
			);
			name = LaunchScreen.storyboard;
			sourceTree = "<group>";
		};
/* End PBXVariantGroup section */

/* Begin XCBuildConfiguration section */
		B57A7F9A2AB1921300A0E162 /* Debug */ = {
			isa = XCBuildConfiguration;
			buildSettings = {
				ALWAYS_SEARCH_USER_PATHS = NO;
				CLANG_ANALYZER_NONNULL = YES;
				CLANG_ANALYZER_NUMBER_OBJECT_CONVERSION = YES_AGGRESSIVE;
				CLANG_CXX_LANGUAGE_STANDARD = "gnu++20";
				CLANG_ENABLE_MODULES = YES;
				CLANG_ENABLE_OBJC_ARC = YES;
				CLANG_ENABLE_OBJC_WEAK = YES;
				CLANG_WARN_BLOCK_CAPTURE_AUTORELEASING = YES;
				CLANG_WARN_BOOL_CONVERSION = YES;
				CLANG_WARN_COMMA = YES;
				CLANG_WARN_CONSTANT_CONVERSION = YES;
				CLANG_WARN_DEPRECATED_OBJC_IMPLEMENTATIONS = YES;
				CLANG_WARN_DIRECT_OBJC_ISA_USAGE = YES_ERROR;
				CLANG_WARN_DOCUMENTATION_COMMENTS = YES;
				CLANG_WARN_EMPTY_BODY = YES;
				CLANG_WARN_ENUM_CONVERSION = YES;
				CLANG_WARN_INFINITE_RECURSION = YES;
				CLANG_WARN_INT_CONVERSION = YES;
				CLANG_WARN_NON_LITERAL_NULL_CONVERSION = YES;
				CLANG_WARN_OBJC_IMPLICIT_RETAIN_SELF = YES;
				CLANG_WARN_OBJC_LITERAL_CONVERSION = YES;
				CLANG_WARN_OBJC_ROOT_CLASS = YES_ERROR;
				CLANG_WARN_QUOTED_INCLUDE_IN_FRAMEWORK_HEADER = YES;
				CLANG_WARN_RANGE_LOOP_ANALYSIS = YES;
				CLANG_WARN_STRICT_PROTOTYPES = YES;
				CLANG_WARN_SUSPICIOUS_MOVE = YES;
				CLANG_WARN_UNGUARDED_AVAILABILITY = YES_AGGRESSIVE;
				CLANG_WARN_UNREACHABLE_CODE = YES;
				CLANG_WARN__DUPLICATE_METHOD_MATCH = YES;
				COPY_PHASE_STRIP = NO;
				DEBUG_INFORMATION_FORMAT = dwarf;
				ENABLE_STRICT_OBJC_MSGSEND = YES;
				ENABLE_TESTABILITY = YES;
				GCC_C_LANGUAGE_STANDARD = gnu11;
				GCC_DYNAMIC_NO_PIC = NO;
				GCC_NO_COMMON_BLOCKS = YES;
				GCC_OPTIMIZATION_LEVEL = 0;
				GCC_PREPROCESSOR_DEFINITIONS = (
					"DEBUG=1",
					"$(inherited)",
				);
				GCC_WARN_64_TO_32_BIT_CONVERSION = YES;
				GCC_WARN_ABOUT_RETURN_TYPE = YES_ERROR;
				GCC_WARN_UNDECLARED_SELECTOR = YES;
				GCC_WARN_UNINITIALIZED_AUTOS = YES_AGGRESSIVE;
				GCC_WARN_UNUSED_FUNCTION = YES;
				GCC_WARN_UNUSED_VARIABLE = YES;
				IPHONEOS_DEPLOYMENT_TARGET = 16.4;
				MTL_ENABLE_DEBUG_INFO = INCLUDE_SOURCE;
				MTL_FAST_MATH = YES;
				ONLY_ACTIVE_ARCH = YES;
				SDKROOT = iphoneos;
				SWIFT_ACTIVE_COMPILATION_CONDITIONS = DEBUG;
				SWIFT_OPTIMIZATION_LEVEL = "-Onone";
			};
			name = Debug;
		};
		B57A7F9B2AB1921300A0E162 /* Release */ = {
			isa = XCBuildConfiguration;
			buildSettings = {
				ALWAYS_SEARCH_USER_PATHS = NO;
				CLANG_ANALYZER_NONNULL = YES;
				CLANG_ANALYZER_NUMBER_OBJECT_CONVERSION = YES_AGGRESSIVE;
				CLANG_CXX_LANGUAGE_STANDARD = "gnu++20";
				CLANG_ENABLE_MODULES = YES;
				CLANG_ENABLE_OBJC_ARC = YES;
				CLANG_ENABLE_OBJC_WEAK = YES;
				CLANG_WARN_BLOCK_CAPTURE_AUTORELEASING = YES;
				CLANG_WARN_BOOL_CONVERSION = YES;
				CLANG_WARN_COMMA = YES;
				CLANG_WARN_CONSTANT_CONVERSION = YES;
				CLANG_WARN_DEPRECATED_OBJC_IMPLEMENTATIONS = YES;
				CLANG_WARN_DIRECT_OBJC_ISA_USAGE = YES_ERROR;
				CLANG_WARN_DOCUMENTATION_COMMENTS = YES;
				CLANG_WARN_EMPTY_BODY = YES;
				CLANG_WARN_ENUM_CONVERSION = YES;
				CLANG_WARN_INFINITE_RECURSION = YES;
				CLANG_WARN_INT_CONVERSION = YES;
				CLANG_WARN_NON_LITERAL_NULL_CONVERSION = YES;
				CLANG_WARN_OBJC_IMPLICIT_RETAIN_SELF = YES;
				CLANG_WARN_OBJC_LITERAL_CONVERSION = YES;
				CLANG_WARN_OBJC_ROOT_CLASS = YES_ERROR;
				CLANG_WARN_QUOTED_INCLUDE_IN_FRAMEWORK_HEADER = YES;
				CLANG_WARN_RANGE_LOOP_ANALYSIS = YES;
				CLANG_WARN_STRICT_PROTOTYPES = YES;
				CLANG_WARN_SUSPICIOUS_MOVE = YES;
				CLANG_WARN_UNGUARDED_AVAILABILITY = YES_AGGRESSIVE;
				CLANG_WARN_UNREACHABLE_CODE = YES;
				CLANG_WARN__DUPLICATE_METHOD_MATCH = YES;
				COPY_PHASE_STRIP = NO;
				DEBUG_INFORMATION_FORMAT = "dwarf-with-dsym";
				ENABLE_NS_ASSERTIONS = NO;
				ENABLE_STRICT_OBJC_MSGSEND = YES;
				GCC_C_LANGUAGE_STANDARD = gnu11;
				GCC_NO_COMMON_BLOCKS = YES;
				GCC_WARN_64_TO_32_BIT_CONVERSION = YES;
				GCC_WARN_ABOUT_RETURN_TYPE = YES_ERROR;
				GCC_WARN_UNDECLARED_SELECTOR = YES;
				GCC_WARN_UNINITIALIZED_AUTOS = YES_AGGRESSIVE;
				GCC_WARN_UNUSED_FUNCTION = YES;
				GCC_WARN_UNUSED_VARIABLE = YES;
				IPHONEOS_DEPLOYMENT_TARGET = 16.4;
				MTL_ENABLE_DEBUG_INFO = NO;
				MTL_FAST_MATH = YES;
				SDKROOT = iphoneos;
				SWIFT_COMPILATION_MODE = wholemodule;
				SWIFT_OPTIMIZATION_LEVEL = "-O";
				VALIDATE_PRODUCT = YES;
			};
			name = Release;
		};
		B57A7F9D2AB1921300A0E162 /* Debug */ = {
			isa = XCBuildConfiguration;
			buildSettings = {
				ASSETCATALOG_COMPILER_APPICON_NAME = AppIcon;
				ASSETCATALOG_COMPILER_GLOBAL_ACCENT_COLOR_NAME = AccentColor;
				CODE_SIGN_STYLE = Automatic;
				CURRENT_PROJECT_VERSION = 1;
				GENERATE_INFOPLIST_FILE = YES;
				INFOPLIST_FILE = Alarm_Sayac_Kronometre/Info.plist;
				INFOPLIST_KEY_UIApplicationSupportsIndirectInputEvents = YES;
				INFOPLIST_KEY_UILaunchStoryboardName = LaunchScreen;
				INFOPLIST_KEY_UIMainStoryboardFile = Main;
				INFOPLIST_KEY_UISupportedInterfaceOrientations_iPad = "UIInterfaceOrientationPortrait UIInterfaceOrientationPortraitUpsideDown UIInterfaceOrientationLandscapeLeft UIInterfaceOrientationLandscapeRight";
				INFOPLIST_KEY_UISupportedInterfaceOrientations_iPhone = "UIInterfaceOrientationPortrait UIInterfaceOrientationLandscapeLeft UIInterfaceOrientationLandscapeRight";
				LD_RUNPATH_SEARCH_PATHS = (
					"$(inherited)",
					"@executable_path/Frameworks",
				);
				MARKETING_VERSION = 1.0;
				PRODUCT_BUNDLE_IDENTIFIER = "elifmuberra.Alarm-Sayac-Kronometre";
				PRODUCT_NAME = "$(TARGET_NAME)";
				SWIFT_EMIT_LOC_STRINGS = YES;
				SWIFT_VERSION = 5.0;
				TARGETED_DEVICE_FAMILY = "1,2";
			};
			name = Debug;
		};
		B57A7F9E2AB1921300A0E162 /* Release */ = {
			isa = XCBuildConfiguration;
			buildSettings = {
				ASSETCATALOG_COMPILER_APPICON_NAME = AppIcon;
				ASSETCATALOG_COMPILER_GLOBAL_ACCENT_COLOR_NAME = AccentColor;
				CODE_SIGN_STYLE = Automatic;
				CURRENT_PROJECT_VERSION = 1;
				GENERATE_INFOPLIST_FILE = YES;
				INFOPLIST_FILE = Alarm_Sayac_Kronometre/Info.plist;
				INFOPLIST_KEY_UIApplicationSupportsIndirectInputEvents = YES;
				INFOPLIST_KEY_UILaunchStoryboardName = LaunchScreen;
				INFOPLIST_KEY_UIMainStoryboardFile = Main;
				INFOPLIST_KEY_UISupportedInterfaceOrientations_iPad = "UIInterfaceOrientationPortrait UIInterfaceOrientationPortraitUpsideDown UIInterfaceOrientationLandscapeLeft UIInterfaceOrientationLandscapeRight";
				INFOPLIST_KEY_UISupportedInterfaceOrientations_iPhone = "UIInterfaceOrientationPortrait UIInterfaceOrientationLandscapeLeft UIInterfaceOrientationLandscapeRight";
				LD_RUNPATH_SEARCH_PATHS = (
					"$(inherited)",
					"@executable_path/Frameworks",
				);
				MARKETING_VERSION = 1.0;
				PRODUCT_BUNDLE_IDENTIFIER = "elifmuberra.Alarm-Sayac-Kronometre";
				PRODUCT_NAME = "$(TARGET_NAME)";
				SWIFT_EMIT_LOC_STRINGS = YES;
				SWIFT_VERSION = 5.0;
				TARGETED_DEVICE_FAMILY = "1,2";
			};
			name = Release;
		};
		B57A7FA02AB1921300A0E162 /* Debug */ = {
			isa = XCBuildConfiguration;
			buildSettings = {
				ALWAYS_EMBED_SWIFT_STANDARD_LIBRARIES = YES;
				BUNDLE_LOADER = "$(TEST_HOST)";
				CODE_SIGN_STYLE = Automatic;
				CURRENT_PROJECT_VERSION = 1;
				GENERATE_INFOPLIST_FILE = YES;
				IPHONEOS_DEPLOYMENT_TARGET = 16.4;
				MARKETING_VERSION = 1.0;
				PRODUCT_BUNDLE_IDENTIFIER = "elifmuberra.Alarm-Sayac-KronometreTests";
				PRODUCT_NAME = "$(TARGET_NAME)";
				SWIFT_EMIT_LOC_STRINGS = NO;
				SWIFT_VERSION = 5.0;
				TARGETED_DEVICE_FAMILY = "1,2";
				TEST_HOST = "$(BUILT_PRODUCTS_DIR)/Alarm_Sayac_Kronometre.app/$(BUNDLE_EXECUTABLE_FOLDER_PATH)/Alarm_Sayac_Kronometre";
			};
			name = Debug;
		};
		B57A7FA12AB1921300A0E162 /* Release */ = {
			isa = XCBuildConfiguration;
			buildSettings = {
				ALWAYS_EMBED_SWIFT_STANDARD_LIBRARIES = YES;
				BUNDLE_LOADER = "$(TEST_HOST)";
				CODE_SIGN_STYLE = Automatic;
				CURRENT_PROJECT_VERSION = 1;
				GENERATE_INFOPLIST_FILE = YES;
				IPHONEOS_DEPLOYMENT_TARGET = 16.4;
				MARKETING_VERSION = 1.0;
				PRODUCT_BUNDLE_IDENTIFIER = "elifmuberra.Alarm-Sayac-KronometreTests";
				PRODUCT_NAME = "$(TARGET_NAME)";
				SWIFT_EMIT_LOC_STRINGS = NO;
				SWIFT_VERSION = 5.0;
				TARGETED_DEVICE_FAMILY = "1,2";
				TEST_HOST = "$(BUILT_PRODUCTS_DIR)/Alarm_Sayac_Kronometre.app/$(BUNDLE_EXECUTABLE_FOLDER_PATH)/Alarm_Sayac_Kronometre";
			};
			name = Release;
		};
		B57A7FA32AB1921300A0E162 /* Debug */ = {
			isa = XCBuildConfiguration;
			buildSettings = {
				ALWAYS_EMBED_SWIFT_STANDARD_LIBRARIES = YES;
				CODE_SIGN_STYLE = Automatic;
				CURRENT_PROJECT_VERSION = 1;
				GENERATE_INFOPLIST_FILE = YES;
				MARKETING_VERSION = 1.0;
				PRODUCT_BUNDLE_IDENTIFIER = "elifmuberra.Alarm-Sayac-KronometreUITests";
				PRODUCT_NAME = "$(TARGET_NAME)";
				SWIFT_EMIT_LOC_STRINGS = NO;
				SWIFT_VERSION = 5.0;
				TARGETED_DEVICE_FAMILY = "1,2";
				TEST_TARGET_NAME = Alarm_Sayac_Kronometre;
			};
			name = Debug;
		};
		B57A7FA42AB1921300A0E162 /* Release */ = {
			isa = XCBuildConfiguration;
			buildSettings = {
				ALWAYS_EMBED_SWIFT_STANDARD_LIBRARIES = YES;
				CODE_SIGN_STYLE = Automatic;
				CURRENT_PROJECT_VERSION = 1;
				GENERATE_INFOPLIST_FILE = YES;
				MARKETING_VERSION = 1.0;
				PRODUCT_BUNDLE_IDENTIFIER = "elifmuberra.Alarm-Sayac-KronometreUITests";
				PRODUCT_NAME = "$(TARGET_NAME)";
				SWIFT_EMIT_LOC_STRINGS = NO;
				SWIFT_VERSION = 5.0;
				TARGETED_DEVICE_FAMILY = "1,2";
				TEST_TARGET_NAME = Alarm_Sayac_Kronometre;
			};
			name = Release;
		};
/* End XCBuildConfiguration section */

/* Begin XCConfigurationList section */
		B57A7F6D2AB1921100A0E162 /* Build configuration list for PBXProject "Alarm_Sayac_Kronometre" */ = {
			isa = XCConfigurationList;
			buildConfigurations = (
				B57A7F9A2AB1921300A0E162 /* Debug */,
				B57A7F9B2AB1921300A0E162 /* Release */,
			);
			defaultConfigurationIsVisible = 0;
			defaultConfigurationName = Release;
		};
		B57A7F9C2AB1921300A0E162 /* Build configuration list for PBXNativeTarget "Alarm_Sayac_Kronometre" */ = {
			isa = XCConfigurationList;
			buildConfigurations = (
				B57A7F9D2AB1921300A0E162 /* Debug */,
				B57A7F9E2AB1921300A0E162 /* Release */,
			);
			defaultConfigurationIsVisible = 0;
			defaultConfigurationName = Release;
		};
		B57A7F9F2AB1921300A0E162 /* Build configuration list for PBXNativeTarget "Alarm_Sayac_KronometreTests" */ = {
			isa = XCConfigurationList;
			buildConfigurations = (
				B57A7FA02AB1921300A0E162 /* Debug */,
				B57A7FA12AB1921300A0E162 /* Release */,
			);
			defaultConfigurationIsVisible = 0;
			defaultConfigurationName = Release;
		};
		B57A7FA22AB1921300A0E162 /* Build configuration list for PBXNativeTarget "Alarm_Sayac_KronometreUITests" */ = {
			isa = XCConfigurationList;
			buildConfigurations = (
				B57A7FA32AB1921300A0E162 /* Debug */,
				B57A7FA42AB1921300A0E162 /* Release */,
			);
			defaultConfigurationIsVisible = 0;
			defaultConfigurationName = Release;
		};
/* End XCConfigurationList section */
	};
	rootObject = B57A7F6A2AB1921100A0E162 /* Project object */;
}
